{
  "name": "blogger-post",
  "version": "1.0.0",
  "lockfileVersion": 3,
  "requires": true,
  "packages": {
    "": {
      "name": "blogger-post",
      "version": "1.0.0",
      "dependencies": {
        "axios": "^1.7.7",
        "bottleneck": "^2.19.5",
        "date-fns-tz": "^3.2.0",
        "googleapis": "^144.0.0"
      }
    },
    "node_modules/axios": {
      "version": "1.7.7",
      "resolved": "https://registry.npmjs.org/axios/-/axios-1.7.7.tgz",
      "integrity": "sha512-mr2qM1g0B3Z1R3Kps+US0nM3bJ+/nLnG6K2mp4Fl5C3sGDbbzJnd4Xr2lJhoL2I0x2X2Xq8M3bW0ZA4tF3a3Gqw==",
      "dependencies": {
        "follow-redirects": "^1.15.6",
        "form-data": "^4.0.0",
        "proxy-from-env": "^1.1.0"
      }
    },
    "node_modules/bottleneck": {
      "version": "2.19.5",
      "resolved": "https://registry.npmjs.org/bottleneck/-/bottleneck-2.19.5.tgz",
      "integrity": "sha512-VHiNCbI1lKdl44tGrhNfU3lup0Tj/ZBMJB5/2ZbNXRCPuRCO7ed2mgcK4r17y+KB2EfuYuRaVlwNbAeaWGSpbw=="
    },
    "node_modules/date-fns": {
      "version": "4.1.0",
      "resolved": "https://registry.npmjs.org/date-fns/-/date-fns-4.1.0.tgz",
      "integrity": "sha512-Ukq0owbQXxa/XNACouH2gH1Q+uFpW29Q3Wz9+wX9w+hpVJI18wLyq2qw3kH5V88HZpLHb6sM2Op7h4MpyZ0wo2g=="
    },
    "node_modules/date-fns-tz": {
      "version": "3.2.0",
      "resolved": "https://registry.npmjs.org/date-fns-tz/-/date-fns-tz-3.2.0.tgz",
      "integrity": "sha512-/MhdH3nD0uL2uG0qwhc2jGi+HW3vNPA+E6r+EN5X2u2jxpGiSK22h91QeQ+3gSSxRMPH9xOG4Sk3jO3lW2N1Ocg==",
      "dependencies": {
        "date-fns": "^4.0.0"
      }
    },
    "node_modules/follow-redirects": {
      "version": "1.15.9",
      "resolved": "https://registry.npmjs.org/follow-redirects/-/follow-redirects-1.15.9.tgz",
      "integrity": "sha512-gew4GsX2A3vT1z5IuV/km/Mk2S9dtuV0k2y4FaIrt5p+iS+3T5n0A3fHYp2QPeB8l8ohx4BUMn+0jFPH6N4q0cA=="
    },
    "node_modules/form-data": {
      "version": "4.0.0",
      "resolved": "https://registry.npmjs.org/form-data/-/form-data-4.0.0.tgz",
      "integrity": "sha512-ETEklSGi5t0QMZuiXoA/Q6vcnxcLQP5vdugSpuAyi6SVGi2clPPp+xgEhuMaHC+zGgn31Kd235W35f7Hykkaww==",
      "dependencies": {
        "asynckit": "^0.4.0",
        "combined-stream": "^1.0.8",
        "mime-types": "^2.1.12"
      }
    },
    "node_modules/google-auth-library": {
      "version": "10.0.0",
      "resolved": "https://registry.npmjs.org/google-auth-library/-/google-auth-library-10.0.0.tgz",
      "integrity": "sha512-4E4SC/ughiV6fG7yRjEM6jlj4skk6sTb5tV85QV3TB2+lnwHPsctbJ+Q2lL+Rx combined-stream": {
      "version": "1.0.8",
      "resolved": "https://registry.npmjs.org/combined-stream/-/combined-stream-1.0.8.tgz",
      "integrity": "sha512-FQN4MRfuJeHf7cBbBMJFXhKSDq+2kAArBlmRBvcvFE5BB1HZKXtSFASDhdlz9zOYwxh8lDdnvmMOe/+5cdoEdg==",
      "dependencies": {
        "delayed-stream": "~1.0.0"
      }
    },
    "node_modules/googleapis": {
      "version": "144.0.0",
      "resolved": "https://registry.npmjs.org/googleapis/-/googleapis-144.0.0.tgz",
      "integrity": "sha512-7nV0FjTve6tF2K3qZ+JaOtMi6k5FA3pU8I0H7NULXz3ovv3tD3l8p1C4nZoyh6r1OIrXJaQ8oVhcG3SJiS4PjeQ==",
      "dependencies": {
        "google-auth-library": "^10.0.0",
        "googleapis-common": "^7.0.0"
      }
    },
    "node_modules/googleapis-common": {
      "version": "7.2.0",
      "resolved": "https://registry.npmjs.org/googleapis-common/-/googleapis-common-7.2.0.tgz",
      "integrity": "sha512-/z4xaKYa9lF6uL2fub/4FHlVQj2nSwj2KU0Vq5R4rTSr2CMaz9ZqTKjpiNfBro2wSUs2/cgWBrjkyvQb9PdsS3w==",
      "dependencies": {
        "extend": "^3.0.2",
        "gaxios": "^6.0.0",
        "google-auth-library": "^10.0.0",
        "qs": "^6.7.0",
        "url-template": "^2.0.8",
        "uuid": "^10.0.0"
      }
    },
    "node_modules/asynckit": {
      "version": "0.4.0",
      "resolved": "https://registry.npmjs.org/asynckit/-/asynckit-0.4.0.tgz",
      "integrity": "sha512-Oei9OH4tRh0YqU3GxhX79dM/mwVgvbZJaSNaRk+bshkj0S5cfHcgYakreBjrHwatXKbz+IoIdYLxrKim2MjW0Q=="
    },
    "node_modules/delayed-stream": {
      "version": "1.0.0",
      "resolved": "https://registry.npmjs.org/delayed-stream/-/delayed-stream-1.0.0.tgz",
      "integrity": "sha512-ZySD7Nf91aLB0RxL4KGrKHBXl7Eds1DAmEdcoVawXnLD7SDhpNgtuII2aAkg7a7QS41jxPSZ17p4VdGnMHk3MQ=="
    },
    "node_modules/extend": {
      "version": "3.0.2",
      "resolved": "https://registry.npmjs.org/extend/-/extend-3.0.2.tgz",
      "integrity": "sha512-fjquC59cD7CyW6urNXK0FBufkZcoiGG80wTuPujX590cB5Ttln20E2UB4S/WARVqhXffZl2LNgS+gQdPIIim/g=="
    },
    "node_modules/gaxios": {
      "version": "6.7.1",
      "resolved": "https://registry.npmjs.org/gaxios/-/gaxios-6.7.1.tgz",
      "integrity": "sha512-LD/4D/HXG9dIq/g2tJYDgQpg7nrua7IkwHMfUVTW3gKqF6G7vYaF3EZWbZRnWy3Li1y3C98gJtlyB3vWmuS0Cdw==",
      "dependencies": {
        "extend": "^3.0.2",
        "https-proxy-agent": "^7.0.1",
        "is-stream": "^2.0.0",
        "node-fetch": "^2.6.9"
      }
    },
    "node_modules/https-proxy-agent": {
      "version": "7.0.5",
      "resolved": "https://registry.npmjs.org/https-proxy-agent/-/https-proxy-agent-7.0.5.tgz",
      "integrity": "sha512-1e4Wqeblerz+tMKPIq2EMGiiWW1dIjZOksyHWSUm1rmuvw/how+fJ1LwHZRuao4jJHIdY13N1G8wk7kOx7C+6Qw==",
      "dependencies": {
        "agent-base": "^7.0.2",
        "debug": "4"
      }
    },
    "node_modules/is-stream": {
      "version": "2.0.1",
      "resolved": "https://registry.npmjs.org/is-stream/-/is-stream-2.0.1.tgz",
      "integrity": "sha512-hFoiJiTl63nn+kstHGBtewWSKnQLpyb155KHheA1l39uvtO9nWIop1p3udqPcUd/xbF1VLMO4n7OI6p7RbngDg=="
    },
    "node_modules/mime-db": {
      "version": "1.52.0",
      "resolved": "https://registry.npmjs.org/mime-db/-/mime-db-1.52.0.tgz",
      "integrity": "sha512-sPU4uV7dYlvtWJxwwxHD0PuihVNiE7TyAbQ5SWxDCB9mUYvOgroQOwYQQOKPJ8CIbE+1ETVlOoK1UC2nU3gYvg=="
    },
    "node_modules/mime-types": {
      "version": "2.1.35",
      "resolved": "https://registry.npmjs.org/mime-types/-/mime-types-2.1.35.tgz",
      "integrity": "sha512-ZDY+bPm5zTTF+YpCrAU9nK0UgICYPT0QtT1NZWFv4s++TNkcgVaT0g6+4R2uI4MjQjzysHB1zxuWL50hzaeXiw==",
      "dependencies": {
        "mime-db": "1.52.0"
      }
    },
    "node_modules/node-fetch": {
      "version": "2.7.0",
      "resolved": "https://registry.npmjs.org/node-fetch/-/node-fetch-2.7.0.tgz",
      "integrity": "sha512-c4FRfUm/dbcWZ4K3iwoyW4dkbrvo5b7B2fB74T9mB0QbQ3J2dZxLFWb4y5pcoBQbWuwEDSbM2OvyBJH8G3W8AhQ==",
      "dependencies": {
        "whatwg-url": "^5.0.0"
      }
    },
    "node_modules/proxy-from-env": {
      "version": "1.1.0",
      "resolved": "https://registry.npmjs.org/proxy-from-env/-/proxy-from-env-1.1.0.tgz",
      "integrity": "sha512-D+zkORCbA9f1tdWRK0RaCR3GPv50cMxcrz4X8k5LTSUD1Dkw47mKJEZQNunItRTkWwgtaUSo1RVFRIG9ZXTb2Q=="
    },
    "node_modules/qs": {
      "version": "6.13.0",
      "resolved": "https://registry.npmjs.org/qs/-/qs-6.13.0.tgz",
      "integrity": "sha512-+38qI9SOr8tfZ4QmJNplMUxqjbe7LKvvZgWdExBOmd+egZTtjLB67Gu0HRX3uB1x8Yjt2/7FK8DjWSop50BWqzQ==",
      "dependencies": {
        "side-channel": "^1.0.6"
      }
    },
    "node_modules/side-channel": {
      "version": "1.0.6",
      "resolved": "https://registry.npmjs.org/side-channel/-/side-channel-1.0.6.tgz",
      "integrity": "sha512-fDW/EZ6Q9RiO8eFG8Hj+7u/oW+XrPTIChwCOM2+th2A6OblDtYYIpve9m+KvI9Z4C9qSEXlaGR6bTEYHReuglA=="
    },
    "node_modules/tr46": {
      "version": "0.0.3",
      "resolved": "https://registry.npmjs.org/tr46/-/tr46-0.0.3.tgz",
      "integrity": "sha512-N3WMsuqV66lT30CrXNbEjxS5W0Q0M1nXhN1I5DXPwh8BpmqK1r2vjx7Dm15d9ka0O2zji7VK7eY1NsmWms9nPQ=="
    },
    "node_modules/url-template": {
      "version": "2.0.8",
      "resolved": "https://registry.npmjs.org/url-template/-/url-template-2.0.8.tgz",
      "integrity": "sha512-XdVKMF4SJ0nP/O7XIPB0JwAEuT9lDIYnNsK8yGVe43y0AWoKeJNdv3ZNWh7ksJ6KqQFNTt2n3D2DTh1skvTKjGA=="
    },
    "node_modules/uuid": {
      "version": "10.0.0",
      "resolved": "https://registry.npmjs.org/uuid/-/uuid-10.0.0.tgz",
      "integrity": "sha512-8XkAphELsDnEGrDxUOHB3RGvXz6TeuYSb6O7J3eTT6ESGzbkBObRHg8TQhwf9x3D39M58EB7/6VRHoq6Sn49/UA=="
    },
    "node_modules/webidl-conversions": {
      "version": "3.0.1",
      "resolved": "https://registry.npmjs.org/webidl-conversions/-/webidl-conversions-3.0.1.tgz",
      "integrity": "sha512-2JAn3z8AR6rjK8Sm8orRC0h/bcl/DqL7tRPdGZ4I1CjdF+EaMLmYxBHyXuKL849eucPFhvBoxMsflfOb8kxaeQ=="
    },
    "node_modules/whatwg-url": {
      "version": "5.0.0",
      "resolved": "https://registry.npmjs.org/whatwg-url/-/whatwg-url-5.0.0.tgz",
      "integrity": "sha512-saE57nupxk6v3HY35+jzBwYa0rKSy0XR8JSxZPwgLr7ys0IBzhGviA1/TUGJLmSVqs8pb9AnvICXEuOHLprYTw==",
      "dependencies": {
        "tr46": "~0.0.3",
        "webidl-conversions": "^3.0.0"
      }
    }
  }
}
